
Microsoft Visual Studio Solution File, Format Version 12.00
# Visual Studio 15
VisualStudioVersion = 15.0.26403.7
MinimumVisualStudioVersion = 10.0.40219.1
Project("{FAE04EC0-301F-11D3-BF4B-00C04F79EFBC}") = "EnqTech.Android", "EnqTech\EnqTech.Android\EnqTech.Android.csproj", "{AC4077BB-F41A-4E23-9925-37E5CDA44B33}"
EndProject
Project("{FAE04EC0-301F-11D3-BF4B-00C04F79EFBC}") = "EnqTech", "EnqTech\EnqTech\EnqTech.csproj", "{2D15D0D0-98E1-46B0-A8AC-E49852E3D674}"
EndProject
Project("{FAE04EC0-301F-11D3-BF4B-00C04F79EFBC}") = "EnqTech.UWP", "EnqTech\EnqTech.UWP\EnqTech.UWP.csproj", "{306EB5A7-50C2-4683-AC3C-F1E87F34B9E7}"
EndProject
Project("{FAE04EC0-301F-11D3-BF4B-00C04F79EFBC}") = "EnqTech.iOS", "EnqTech\EnqTech.iOS\EnqTech.iOS.csproj", "{771E1378-E17E-47FE-9480-642A1C2D711E}"
EndProject
Global
	GlobalSection(SolutionConfigurationPlatforms) = preSolution
		Ad-Hoc|Any CPU = Ad-Hoc|Any CPU
		Ad-Hoc|ARM = Ad-Hoc|ARM
		Ad-Hoc|iPhone = Ad-Hoc|iPhone
		Ad-Hoc|iPhoneSimulator = Ad-Hoc|iPhoneSimulator
		Ad-Hoc|x64 = Ad-Hoc|x64
		Ad-Hoc|x86 = Ad-Hoc|x86
		AppStore|Any CPU = AppStore|Any CPU
		AppStore|ARM = AppStore|ARM
		AppStore|iPhone = AppStore|iPhone
		AppStore|iPhoneSimulator = AppStore|iPhoneSimulator
		AppStore|x64 = AppStore|x64
		AppStore|x86 = AppStore|x86
		Debug|Any CPU = Debug|Any CPU
		Debug|ARM = Debug|ARM
		Debug|iPhone = Debug|iPhone
		Debug|iPhoneSimulator = Debug|iPhoneSimulator
		Debug|x64 = Debug|x64
		Debug|x86 = Debug|x86
		Release|Any CPU = Release|Any CPU
		Release|ARM = Release|ARM
		Release|iPhone = Release|iPhone
		Release|iPhoneSimulator = Release|iPhoneSimulator
		Release|x64 = Release|x64
		Release|x86 = Release|x86
	EndGlobalSection
	GlobalSection(ProjectConfigurationPlatforms) = postSolution
		{AC4077BB-F41A-4E23-9925-37E5CDA44B33}.Ad-Hoc|Any CPU.ActiveCfg = Release|Any CPU
		{AC4077BB-F41A-4E23-9925-37E5CDA44B33}.Ad-Hoc|Any CPU.Build.0 = Release|Any CPU
		{AC4077BB-F41A-4E23-9925-37E5CDA44B33}.Ad-Hoc|Any CPU.Deploy.0 = Release|Any CPU
		{AC4077BB-F41A-4E23-9925-37E5CDA44B33}.Ad-Hoc|ARM.ActiveCfg = Release|Any CPU
		{AC4077BB-F41A-4E23-9925-37E5CDA44B33}.Ad-Hoc|ARM.Build.0 = Release|Any CPU
		{AC4077BB-F41A-4E23-9925-37E5CDA44B33}.Ad-Hoc|ARM.Deploy.0 = Release|Any CPU
		{AC4077BB-F41A-4E23-9925-37E5CDA44B33}.Ad-Hoc|iPhone.ActiveCfg = Release|Any CPU
		{AC4077BB-F41A-4E23-9925-37E5CDA44B33}.Ad-Hoc|iPhone.Build.0 = Release|Any CPU
		{AC4077BB-F41A-4E23-9925-37E5CDA44B33}.Ad-Hoc|iPhone.Deploy.0 = Release|Any CPU
		{AC4077BB-F41A-4E23-9925-37E5CDA44B33}.Ad-Hoc|iPhoneSimulator.ActiveCfg = Release|Any CPU
		{AC4077BB-F41A-4E23-9925-37E5CDA44B33}.Ad-Hoc|iPhoneSimulator.Build.0 = Release|Any CPU
		{AC4077BB-F41A-4E23-9925-37E5CDA44B33}.Ad-Hoc|iPhoneSimulator.Deploy.0 = Release|Any CPU
		{AC4077BB-F41A-4E23-9925-37E5CDA44B33}.Ad-Hoc|x64.ActiveCfg = Release|Any CPU
		{AC4077BB-F41A-4E23-9925-37E5CDA44B33}.Ad-Hoc|x64.Build.0 = Release|Any CPU
		{AC4077BB-F41A-4E23-9925-37E5CDA44B33}.Ad-Hoc|x64.Deploy.0 = Release|Any CPU
		{AC4077BB-F41A-4E23-9925-37E5CDA44B33}.Ad-Hoc|x86.ActiveCfg = Release|Any CPU
		{AC4077BB-F41A-4E23-9925-37E5CDA44B33}.Ad-Hoc|x86.Build.0 = Release|Any CPU
		{AC4077BB-F41A-4E23-9925-37E5CDA44B33}.Ad-Hoc|x86.Deploy.0 = Release|Any CPU
		{AC4077BB-F41A-4E23-9925-37E5CDA44B33}.AppStore|Any CPU.ActiveCfg = Release|Any CPU
		{AC4077BB-F41A-4E23-9925-37E5CDA44B33}.AppStore|Any CPU.Build.0 = Release|Any CPU
		{AC4077BB-F41A-4E23-9925-37E5CDA44B33}.AppStore|Any CPU.Deploy.0 = Release|Any CPU
		{AC4077BB-F41A-4E23-9925-37E5CDA44B33}.AppStore|ARM.ActiveCfg = Release|Any CPU
		{AC4077BB-F41A-4E23-9925-37E5CDA44B33}.AppStore|ARM.Build.0 = Release|Any CPU
		{AC4077BB-F41A-4E23-9925-37E5CDA44B33}.AppStore|ARM.Deploy.0 = Release|Any CPU
		{AC4077BB-F41A-4E23-9925-37E5CDA44B33}.AppStore|iPhone.ActiveCfg = Release|Any CPU
		{AC4077BB-F41A-4E23-9925-37E5CDA44B33}.AppStore|iPhone.Build.0 = Release|Any CPU
		{AC4077BB-F41A-4E23-9925-37E5CDA44B33}.AppStore|iPhone.Deploy.0 = Release|Any CPU
		{AC4077BB-F41A-4E23-9925-37E5CDA44B33}.AppStore|iPhoneSimulator.ActiveCfg = Release|Any CPU
		{AC4077BB-F41A-4E23-9925-37E5CDA44B33}.AppStore|iPhoneSimulator.Build.0 = Release|Any CPU
		{AC4077BB-F41A-4E23-9925-37E5CDA44B33}.AppStore|iPhoneSimulator.Deploy.0 = Release|Any CPU
		{AC4077BB-F41A-4E23-9925-37E5CDA44B33}.AppStore|x64.ActiveCfg = Release|Any CPU
		{AC4077BB-F41A-4E23-9925-37E5CDA44B33}.AppStore|x64.Build.0 = Release|Any CPU
		{AC4077BB-F41A-4E23-9925-37E5CDA44B33}.AppStore|x64.Deploy.0 = Release|Any CPU
		{AC4077BB-F41A-4E23-9925-37E5CDA44B33}.AppStore|x86.ActiveCfg = Release|Any CPU
		{AC4077BB-F41A-4E23-9925-37E5CDA44B33}.AppStore|x86.Build.0 = Release|Any CPU
		{AC4077BB-F41A-4E23-9925-37E5CDA44B33}.AppStore|x86.Deploy.0 = Release|Any CPU
		{AC4077BB-F41A-4E23-9925-37E5CDA44B33}.Debug|Any CPU.ActiveCfg = Debug|Any CPU
		{AC4077BB-F41A-4E23-9925-37E5CDA44B33}.Debug|Any CPU.Build.0 = Debug|Any CPU
		{AC4077BB-F41A-4E23-9925-37E5CDA44B33}.Debug|Any CPU.Deploy.0 = Debug|Any CPU
		{AC4077BB-F41A-4E23-9925-37E5CDA44B33}.Debug|ARM.ActiveCfg = Debug|Any CPU
		{AC4077BB-F41A-4E23-9925-37E5CDA44B33}.Debug|ARM.Build.0 = Debug|Any CPU
		{AC4077BB-F41A-4E23-9925-37E5CDA44B33}.Debug|ARM.Deploy.0 = Debug|Any CPU
		{AC4077BB-F41A-4E23-9925-37E5CDA44B33}.Debug|iPhone.ActiveCfg = Debug|Any CPU
		{AC4077BB-F41A-4E23-9925-37E5CDA44B33}.Debug|iPhone.Build.0 = Debug|Any CPU
		{AC4077BB-F41A-4E23-9925-37E5CDA44B33}.Debug|iPhone.Deploy.0 = Debug|Any CPU
		{AC4077BB-F41A-4E23-9925-37E5CDA44B33}.Debug|iPhoneSimulator.ActiveCfg = Debug|Any CPU
		{AC4077BB-F41A-4E23-9925-37E5CDA44B33}.Debug|iPhoneSimulator.Build.0 = Debug|Any CPU
		{AC4077BB-F41A-4E23-9925-37E5CDA44B33}.Debug|iPhoneSimulator.Deploy.0 = Debug|Any CPU
		{AC4077BB-F41A-4E23-9925-37E5CDA44B33}.Debug|x64.ActiveCfg = Debug|Any CPU
		{AC4077BB-F41A-4E23-9925-37E5CDA44B33}.Debug|x64.Build.0 = Debug|Any CPU
		{AC4077BB-F41A-4E23-9925-37E5CDA44B33}.Debug|x64.Deploy.0 = Debug|Any CPU
		{AC4077BB-F41A-4E23-9925-37E5CDA44B33}.Debug|x86.ActiveCfg = Debug|Any CPU
		{AC4077BB-F41A-4E23-9925-37E5CDA44B33}.Debug|x86.Build.0 = Debug|Any CPU
		{AC4077BB-F41A-4E23-9925-37E5CDA44B33}.Debug|x86.Deploy.0 = Debug|Any CPU
		{AC4077BB-F41A-4E23-9925-37E5CDA44B33}.Release|Any CPU.ActiveCfg = Release|Any CPU
		{AC4077BB-F41A-4E23-9925-37E5CDA44B33}.Release|Any CPU.Build.0 = Release|Any CPU
		{AC4077BB-F41A-4E23-9925-37E5CDA44B33}.Release|Any CPU.Deploy.0 = Release|Any CPU
		{AC4077BB-F41A-4E23-9925-37E5CDA44B33}.Release|ARM.ActiveCfg = Release|Any CPU
		{AC4077BB-F41A-4E23-9925-37E5CDA44B33}.Release|ARM.Build.0 = Release|Any CPU
		{AC4077BB-F41A-4E23-9925-37E5CDA44B33}.Release|ARM.Deploy.0 = Release|Any CPU
		{AC4077BB-F41A-4E23-9925-37E5CDA44B33}.Release|iPhone.ActiveCfg = Release|Any CPU
		{AC4077BB-F41A-4E23-9925-37E5CDA44B33}.Release|iPhone.Build.0 = Release|Any CPU
		{AC4077BB-F41A-4E23-9925-37E5CDA44B33}.Release|iPhone.Deploy.0 = Release|Any CPU
		{AC4077BB-F41A-4E23-9925-37E5CDA44B33}.Release|iPhoneSimulator.ActiveCfg = Release|Any CPU
		{AC4077BB-F41A-4E23-9925-37E5CDA44B33}.Release|iPhoneSimulator.Build.0 = Release|Any CPU
		{AC4077BB-F41A-4E23-9925-37E5CDA44B33}.Release|iPhoneSimulator.Deploy.0 = Release|Any CPU
		{AC4077BB-F41A-4E23-9925-37E5CDA44B33}.Release|x64.ActiveCfg = Release|Any CPU
		{AC4077BB-F41A-4E23-9925-37E5CDA44B33}.Release|x64.Build.0 = Release|Any CPU
		{AC4077BB-F41A-4E23-9925-37E5CDA44B33}.Release|x64.Deploy.0 = Release|Any CPU
		{AC4077BB-F41A-4E23-9925-37E5CDA44B33}.Release|x86.ActiveCfg = Release|Any CPU
		{AC4077BB-F41A-4E23-9925-37E5CDA44B33}.Release|x86.Build.0 = Release|Any CPU
		{AC4077BB-F41A-4E23-9925-37E5CDA44B33}.Release|x86.Deploy.0 = Release|Any CPU
		{2D15D0D0-98E1-46B0-A8AC-E49852E3D674}.Ad-Hoc|Any CPU.ActiveCfg = Release|Any CPU
		{2D15D0D0-98E1-46B0-A8AC-E49852E3D674}.Ad-Hoc|Any CPU.Build.0 = Release|Any CPU
		{2D15D0D0-98E1-46B0-A8AC-E49852E3D674}.Ad-Hoc|ARM.ActiveCfg = Release|Any CPU
		{2D15D0D0-98E1-46B0-A8AC-E49852E3D674}.Ad-Hoc|ARM.Build.0 = Release|Any CPU
		{2D15D0D0-98E1-46B0-A8AC-E49852E3D674}.Ad-Hoc|iPhone.ActiveCfg = Release|Any CPU
		{2D15D0D0-98E1-46B0-A8AC-E49852E3D674}.Ad-Hoc|iPhone.Build.0 = Release|Any CPU
		{2D15D0D0-98E1-46B0-A8AC-E49852E3D674}.Ad-Hoc|iPhoneSimulator.ActiveCfg = Release|Any CPU
		{2D15D0D0-98E1-46B0-A8AC-E49852E3D674}.Ad-Hoc|iPhoneSimulator.Build.0 = Release|Any CPU
		{2D15D0D0-98E1-46B0-A8AC-E49852E3D674}.Ad-Hoc|x64.ActiveCfg = Release|Any CPU
		{2D15D0D0-98E1-46B0-A8AC-E49852E3D674}.Ad-Hoc|x64.Build.0 = Release|Any CPU
		{2D15D0D0-98E1-46B0-A8AC-E49852E3D674}.Ad-Hoc|x86.ActiveCfg = Release|Any CPU
		{2D15D0D0-98E1-46B0-A8AC-E49852E3D674}.Ad-Hoc|x86.Build.0 = Release|Any CPU
		{2D15D0D0-98E1-46B0-A8AC-E49852E3D674}.AppStore|Any CPU.ActiveCfg = Release|Any CPU
		{2D15D0D0-98E1-46B0-A8AC-E49852E3D674}.AppStore|Any CPU.Build.0 = Release|Any CPU
		{2D15D0D0-98E1-46B0-A8AC-E49852E3D674}.AppStore|ARM.ActiveCfg = Release|Any CPU
		{2D15D0D0-98E1-46B0-A8AC-E49852E3D674}.AppStore|ARM.Build.0 = Release|Any CPU
		{2D15D0D0-98E1-46B0-A8AC-E49852E3D674}.AppStore|iPhone.ActiveCfg = Release|Any CPU
		{2D15D0D0-98E1-46B0-A8AC-E49852E3D674}.AppStore|iPhone.Build.0 = Release|Any CPU
		{2D15D0D0-98E1-46B0-A8AC-E49852E3D674}.AppStore|iPhoneSimulator.ActiveCfg = Release|Any CPU
		{2D15D0D0-98E1-46B0-A8AC-E49852E3D674}.AppStore|iPhoneSimulator.Build.0 = Release|Any CPU
		{2D15D0D0-98E1-46B0-A8AC-E49852E3D674}.AppStore|x64.ActiveCfg = Release|Any CPU
		{2D15D0D0-98E1-46B0-A8AC-E49852E3D674}.AppStore|x64.Build.0 = Release|Any CPU
		{2D15D0D0-98E1-46B0-A8AC-E49852E3D674}.AppStore|x86.ActiveCfg = Release|Any CPU
		{2D15D0D0-98E1-46B0-A8AC-E49852E3D674}.AppStore|x86.Build.0 = Release|Any CPU
		{2D15D0D0-98E1-46B0-A8AC-E49852E3D674}.Debug|Any CPU.ActiveCfg = Debug|Any CPU
		{2D15D0D0-98E1-46B0-A8AC-E49852E3D674}.Debug|Any CPU.Build.0 = Debug|Any CPU
		{2D15D0D0-98E1-46B0-A8AC-E49852E3D674}.Debug|ARM.ActiveCfg = Debug|Any CPU
		{2D15D0D0-98E1-46B0-A8AC-E49852E3D674}.Debug|ARM.Build.0 = Debug|Any CPU
		{2D15D0D0-98E1-46B0-A8AC-E49852E3D674}.Debug|iPhone.ActiveCfg = Debug|Any CPU
		{2D15D0D0-98E1-46B0-A8AC-E49852E3D674}.Debug|iPhone.Build.0 = Debug|Any CPU
		{2D15D0D0-98E1-46B0-A8AC-E49852E3D674}.Debug|iPhoneSimulator.ActiveCfg = Debug|Any CPU
		{2D15D0D0-98E1-46B0-A8AC-E49852E3D674}.Debug|iPhoneSimulator.Build.0 = Debug|Any CPU
		{2D15D0D0-98E1-46B0-A8AC-E49852E3D674}.Debug|x64.ActiveCfg = Debug|Any CPU
		{2D15D0D0-98E1-46B0-A8AC-E49852E3D674}.Debug|x64.Build.0 = Debug|Any CPU
		{2D15D0D0-98E1-46B0-A8AC-E49852E3D674}.Debug|x86.ActiveCfg = Debug|Any CPU
		{2D15D0D0-98E1-46B0-A8AC-E49852E3D674}.Debug|x86.Build.0 = Debug|Any CPU
		{2D15D0D0-98E1-46B0-A8AC-E49852E3D674}.Release|Any CPU.ActiveCfg = Release|Any CPU
		{2D15D0D0-98E1-46B0-A8AC-E49852E3D674}.Release|Any CPU.Build.0 = Release|Any CPU
		{2D15D0D0-98E1-46B0-A8AC-E49852E3D674}.Release|ARM.ActiveCfg = Release|Any CPU
		{2D15D0D0-98E1-46B0-A8AC-E49852E3D674}.Release|ARM.Build.0 = Release|Any CPU
		{2D15D0D0-98E1-46B0-A8AC-E49852E3D674}.Release|iPhone.ActiveCfg = Release|Any CPU
		{2D15D0D0-98E1-46B0-A8AC-E49852E3D674}.Release|iPhone.Build.0 = Release|Any CPU
		{2D15D0D0-98E1-46B0-A8AC-E49852E3D674}.Release|iPhoneSimulator.ActiveCfg = Release|Any CPU
		{2D15D0D0-98E1-46B0-A8AC-E49852E3D674}.Release|iPhoneSimulator.Build.0 = Release|Any CPU
		{2D15D0D0-98E1-46B0-A8AC-E49852E3D674}.Release|x64.ActiveCfg = Release|Any CPU
		{2D15D0D0-98E1-46B0-A8AC-E49852E3D674}.Release|x64.Build.0 = Release|Any CPU
		{2D15D0D0-98E1-46B0-A8AC-E49852E3D674}.Release|x86.ActiveCfg = Release|Any CPU
		{2D15D0D0-98E1-46B0-A8AC-E49852E3D674}.Release|x86.Build.0 = Release|Any CPU
		{306EB5A7-50C2-4683-AC3C-F1E87F34B9E7}.Ad-Hoc|Any CPU.ActiveCfg = Release|x86
		{306EB5A7-50C2-4683-AC3C-F1E87F34B9E7}.Ad-Hoc|Any CPU.Build.0 = Release|x86
		{306EB5A7-50C2-4683-AC3C-F1E87F34B9E7}.Ad-Hoc|Any CPU.Deploy.0 = Release|x86
		{306EB5A7-50C2-4683-AC3C-F1E87F34B9E7}.Ad-Hoc|ARM.ActiveCfg = Release|ARM
		{306EB5A7-50C2-4683-AC3C-F1E87F34B9E7}.Ad-Hoc|ARM.Build.0 = Release|ARM
		{306EB5A7-50C2-4683-AC3C-F1E87F34B9E7}.Ad-Hoc|ARM.Deploy.0 = Release|ARM
		{306EB5A7-50C2-4683-AC3C-F1E87F34B9E7}.Ad-Hoc|iPhone.ActiveCfg = Release|x86
		{306EB5A7-50C2-4683-AC3C-F1E87F34B9E7}.Ad-Hoc|iPhone.Build.0 = Release|x86
		{306EB5A7-50C2-4683-AC3C-F1E87F34B9E7}.Ad-Hoc|iPhone.Deploy.0 = Release|x86
		{306EB5A7-50C2-4683-AC3C-F1E87F34B9E7}.Ad-Hoc|iPhoneSimulator.ActiveCfg = Release|x86
		{306EB5A7-50C2-4683-AC3C-F1E87F34B9E7}.Ad-Hoc|iPhoneSimulator.Build.0 = Release|x86
		{306EB5A7-50C2-4683-AC3C-F1E87F34B9E7}.Ad-Hoc|iPhoneSimulator.Deploy.0 = Release|x86
		{306EB5A7-50C2-4683-AC3C-F1E87F34B9E7}.Ad-Hoc|x64.ActiveCfg = Release|x64
		{306EB5A7-50C2-4683-AC3C-F1E87F34B9E7}.Ad-Hoc|x64.Build.0 = Release|x64
		{306EB5A7-50C2-4683-AC3C-F1E87F34B9E7}.Ad-Hoc|x64.Deploy.0 = Release|x64
		{306EB5A7-50C2-4683-AC3C-F1E87F34B9E7}.Ad-Hoc|x86.ActiveCfg = Release|x86
		{306EB5A7-50C2-4683-AC3C-F1E87F34B9E7}.Ad-Hoc|x86.Build.0 = Release|x86
		{306EB5A7-50C2-4683-AC3C-F1E87F34B9E7}.Ad-Hoc|x86.Deploy.0 = Release|x86
		{306EB5A7-50C2-4683-AC3C-F1E87F34B9E7}.AppStore|Any CPU.ActiveCfg = Release|x86
		{306EB5A7-50C2-4683-AC3C-F1E87F34B9E7}.AppStore|Any CPU.Build.0 = Release|x86
		{306EB5A7-50C2-4683-AC3C-F1E87F34B9E7}.AppStore|Any CPU.Deploy.0 = Release|x86
		{306EB5A7-50C2-4683-AC3C-F1E87F34B9E7}.AppStore|ARM.ActiveCfg = Release|ARM
		{306EB5A7-50C2-4683-AC3C-F1E87F34B9E7}.AppStore|ARM.Build.0 = Release|ARM
		{306EB5A7-50C2-4683-AC3C-F1E87F34B9E7}.AppStore|ARM.Deploy.0 = Release|ARM
		{306EB5A7-50C2-4683-AC3C-F1E87F34B9E7}.AppStore|iPhone.ActiveCfg = Release|x86
		{306EB5A7-50C2-4683-AC3C-F1E87F34B9E7}.AppStore|iPhone.Build.0 = Release|x86
		{306EB5A7-50C2-4683-AC3C-F1E87F34B9E7}.AppStore|iPhone.Deploy.0 = Release|x86
		{306EB5A7-50C2-4683-AC3C-F1E87F34B9E7}.AppStore|iPhoneSimulator.ActiveCfg = Release|x86
		{306EB5A7-50C2-4683-AC3C-F1E87F34B9E7}.AppStore|iPhoneSimulator.Build.0 = Release|x86
		{306EB5A7-50C2-4683-AC3C-F1E87F34B9E7}.AppStore|iPhoneSimulator.Deploy.0 = Release|x86
		{306EB5A7-50C2-4683-AC3C-F1E87F34B9E7}.AppStore|x64.ActiveCfg = Release|x64
		{306EB5A7-50C2-4683-AC3C-F1E87F34B9E7}.AppStore|x64.Build.0 = Release|x64
		{306EB5A7-50C2-4683-AC3C-F1E87F34B9E7}.AppStore|x64.Deploy.0 = Release|x64
		{306EB5A7-50C2-4683-AC3C-F1E87F34B9E7}.AppStore|x86.ActiveCfg = Release|x86
		{306EB5A7-50C2-4683-AC3C-F1E87F34B9E7}.AppStore|x86.Build.0 = Release|x86
		{306EB5A7-50C2-4683-AC3C-F1E87F34B9E7}.AppStore|x86.Deploy.0 = Release|x86
		{306EB5A7-50C2-4683-AC3C-F1E87F34B9E7}.Debug|Any CPU.ActiveCfg = Debug|x86
		{306EB5A7-50C2-4683-AC3C-F1E87F34B9E7}.Debug|Any CPU.Build.0 = Debug|x86
		{306EB5A7-50C2-4683-AC3C-F1E87F34B9E7}.Debug|Any CPU.Deploy.0 = Debug|x86
		{306EB5A7-50C2-4683-AC3C-F1E87F34B9E7}.Debug|ARM.ActiveCfg = Debug|ARM
		{306EB5A7-50C2-4683-AC3C-F1E87F34B9E7}.Debug|ARM.Build.0 = Debug|ARM
		{306EB5A7-50C2-4683-AC3C-F1E87F34B9E7}.Debug|ARM.Deploy.0 = Debug|ARM
		{306EB5A7-50C2-4683-AC3C-F1E87F34B9E7}.Debug|iPhone.ActiveCfg = Debug|x86
		{306EB5A7-50C2-4683-AC3C-F1E87F34B9E7}.Debug|iPhoneSimulator.ActiveCfg = Debug|x86
		{306EB5A7-50C2-4683-AC3C-F1E87F34B9E7}.Debug|x64.ActiveCfg = Debug|x64
		{306EB5A7-50C2-4683-AC3C-F1E87F34B9E7}.Debug|x64.Build.0 = Debug|x64
		{306EB5A7-50C2-4683-AC3C-F1E87F34B9E7}.Debug|x64.Deploy.0 = Debug|x64
		{306EB5A7-50C2-4683-AC3C-F1E87F34B9E7}.Debug|x86.ActiveCfg = Debug|x86
		{306EB5A7-50C2-4683-AC3C-F1E87F34B9E7}.Debug|x86.Build.0 = Debug|x86
		{306EB5A7-50C2-4683-AC3C-F1E87F34B9E7}.Debug|x86.Deploy.0 = Debug|x86
		{306EB5A7-50C2-4683-AC3C-F1E87F34B9E7}.Release|Any CPU.ActiveCfg = Release|x86
		{306EB5A7-50C2-4683-AC3C-F1E87F34B9E7}.Release|ARM.ActiveCfg = Release|ARM
		{306EB5A7-50C2-4683-AC3C-F1E87F34B9E7}.Release|ARM.Build.0 = Release|ARM
		{306EB5A7-50C2-4683-AC3C-F1E87F34B9E7}.Release|ARM.Deploy.0 = Release|ARM
		{306EB5A7-50C2-4683-AC3C-F1E87F34B9E7}.Release|iPhone.ActiveCfg = Release|x86
		{306EB5A7-50C2-4683-AC3C-F1E87F34B9E7}.Release|iPhoneSimulator.ActiveCfg = Release|x86
		{306EB5A7-50C2-4683-AC3C-F1E87F34B9E7}.Release|x64.ActiveCfg = Release|x64
		{306EB5A7-50C2-4683-AC3C-F1E87F34B9E7}.Release|x64.Build.0 = Release|x64
		{306EB5A7-50C2-4683-AC3C-F1E87F34B9E7}.Release|x64.Deploy.0 = Release|x64
		{306EB5A7-50C2-4683-AC3C-F1E87F34B9E7}.Release|x86.ActiveCfg = Release|x86
		{306EB5A7-50C2-4683-AC3C-F1E87F34B9E7}.Release|x86.Build.0 = Release|x86
		{306EB5A7-50C2-4683-AC3C-F1E87F34B9E7}.Release|x86.Deploy.0 = Release|x86
		{771E1378-E17E-47FE-9480-642A1C2D711E}.Ad-Hoc|Any CPU.ActiveCfg = Ad-Hoc|iPhone
		{771E1378-E17E-47FE-9480-642A1C2D711E}.Ad-Hoc|ARM.ActiveCfg = Ad-Hoc|iPhone
		{771E1378-E17E-47FE-9480-642A1C2D711E}.Ad-Hoc|iPhone.ActiveCfg = Ad-Hoc|iPhone
		{771E1378-E17E-47FE-9480-642A1C2D711E}.Ad-Hoc|iPhone.Build.0 = Ad-Hoc|iPhone
		{771E1378-E17E-47FE-9480-642A1C2D711E}.Ad-Hoc|iPhoneSimulator.ActiveCfg = Ad-Hoc|iPhoneSimulator
		{771E1378-E17E-47FE-9480-642A1C2D711E}.Ad-Hoc|iPhoneSimulator.Build.0 = Ad-Hoc|iPhoneSimulator
		{771E1378-E17E-47FE-9480-642A1C2D711E}.Ad-Hoc|x64.ActiveCfg = Ad-Hoc|iPhone
		{771E1378-E17E-47FE-9480-642A1C2D711E}.Ad-Hoc|x86.ActiveCfg = Ad-Hoc|iPhone
		{771E1378-E17E-47FE-9480-642A1C2D711E}.AppStore|Any CPU.ActiveCfg = AppStore|iPhone
		{771E1378-E17E-47FE-9480-642A1C2D711E}.AppStore|ARM.ActiveCfg = AppStore|iPhone
		{771E1378-E17E-47FE-9480-642A1C2D711E}.AppStore|iPhone.ActiveCfg = AppStore|iPhone
		{771E1378-E17E-47FE-9480-642A1C2D711E}.AppStore|iPhone.Build.0 = AppStore|iPhone
		{771E1378-E17E-47FE-9480-642A1C2D711E}.AppStore|iPhoneSimulator.ActiveCfg = AppStore|iPhoneSimulator
		{771E1378-E17E-47FE-9480-642A1C2D711E}.AppStore|iPhoneSimulator.Build.0 = AppStore|iPhoneSimulator
		{771E1378-E17E-47FE-9480-642A1C2D711E}.AppStore|x64.ActiveCfg = AppStore|iPhone
		{771E1378-E17E-47FE-9480-642A1C2D711E}.AppStore|x86.ActiveCfg = AppStore|iPhone
		{771E1378-E17E-47FE-9480-642A1C2D711E}.Debug|Any CPU.ActiveCfg = Debug|iPhone
		{771E1378-E17E-47FE-9480-642A1C2D711E}.Debug|ARM.ActiveCfg = Debug|iPhone
		{771E1378-E17E-47FE-9480-642A1C2D711E}.Debug|iPhone.ActiveCfg = Debug|iPhone
		{771E1378-E17E-47FE-9480-642A1C2D711E}.Debug|iPhone.Build.0 = Debug|iPhone
		{771E1378-E17E-47FE-9480-642A1C2D711E}.Debug|iPhoneSimulator.ActiveCfg = Debug|iPhoneSimulator
		{771E1378-E17E-47FE-9480-642A1C2D711E}.Debug|iPhoneSimulator.Build.0 = Debug|iPhoneSimulator
		{771E1378-E17E-47FE-9480-642A1C2D711E}.Debug|x64.ActiveCfg = Debug|iPhone
		{771E1378-E17E-47FE-9480-642A1C2D711E}.Debug|x86.ActiveCfg = Debug|iPhone
		{771E1378-E17E-47FE-9480-642A1C2D711E}.Release|Any CPU.ActiveCfg = Release|iPhone
		{771E1378-E17E-47FE-9480-642A1C2D711E}.Release|ARM.ActiveCfg = Release|iPhone
		{771E1378-E17E-47FE-9480-642A1C2D711E}.Release|iPhone.ActiveCfg = Release|iPhone
		{771E1378-E17E-47FE-9480-642A1C2D711E}.Release|iPhone.Build.0 = Release|iPhone
		{771E1378-E17E-47FE-9480-642A1C2D711E}.Release|iPhoneSimulator.ActiveCfg = Release|iPhoneSimulator
		{771E1378-E17E-47FE-9480-642A1C2D711E}.Release|iPhoneSimulator.Build.0 = Release|iPhoneSimulator
		{771E1378-E17E-47FE-9480-642A1C2D711E}.Release|x64.ActiveCfg = Release|iPhone
		{771E1378-E17E-47FE-9480-642A1C2D711E}.Release|x86.ActiveCfg = Release|iPhone
	EndGlobalSection
	GlobalSection(SolutionProperties) = preSolution
		HideSolutionNode = FALSE
	EndGlobalSection
EndGlobal
